{
    "_readme": [
        "This file locks the dependencies of your project to a known state",
        "Read more about it at https://getcomposer.org/doc/01-basic-usage.md#installing-dependencies",
        "This file is @generated automatically"
    ],
    "content-hash": "25944429ec357e2418b7e4f672365249",
    "packages": [
        {
            "name": "aeon-php/calendar",
            "version": "0.16.0",
            "source": {
                "type": "git",
                "url": "https://github.com/aeon-php/calendar.git",
                "reference": "fa27dc4852eb5e471abeff965185db5cb1d5f8cc"
            },
            "dist": {
                "type": "zip",
                "url": "https://api.github.com/repos/aeon-php/calendar/zipball/fa27dc4852eb5e471abeff965185db5cb1d5f8cc",
                "reference": "fa27dc4852eb5e471abeff965185db5cb1d5f8cc",
                "shasum": ""
            },
            "require": {
                "php": ">=7.4.2"
            },
            "require-dev": {
                "ext-bcmath": "*"
            },
            "suggest": {
                "ext-bcmath": "Compare time units with high precision"
            },
            "type": "library",
            "autoload": {
                "psr-4": {
                    "Aeon\\": [
                        "src/Aeon"
                    ]
                }
            },
            "notification-url": "https://packagist.org/downloads/",
            "license": [
                "MIT"
            ],
            "description": "PHP type safe, immutable calendar library",
            "keywords": [
                "calendar",
                "date",
                "datetime",
                "immutable",
                "time"
            ],
            "support": {
                "issues": "https://github.com/aeon-php/calendar/issues",
                "source": "https://github.com/aeon-php/calendar/tree/0.16.0"
            },
            "funding": [
                {
                    "url": "https://github.com/norberttech",
                    "type": "github"
                }
            ],
            "time": "2021-02-18T23:08:21+00:00"
        }
    ],
    "packages-dev": [
        {
            "name": "aeon-php/calendar-holidays",
            "version": "0.7.0",
            "source": {
                "type": "git",
                "url": "https://github.com/aeon-php/calendar-holidays.git",
                "reference": "696c9a80d3eb63e1ba64bbc079ea8ec057d0d0e1"
            },
            "dist": {
                "type": "zip",
                "url": "https://api.github.com/repos/aeon-php/calendar-holidays/zipball/696c9a80d3eb63e1ba64bbc079ea8ec057d0d0e1",
                "reference": "696c9a80d3eb63e1ba64bbc079ea8ec057d0d0e1",
                "shasum": ""
            },
            "require": {
                "aeon-php/calendar": ">=0.14.0",
                "ext-json": "*",
                "ext-mbstring": "*",
                "php": ">=7.4.2"
            },
            "require-dev": {
                "google/apiclient": "^2.0"
            },
            "type": "library",
            "extra": {
                "branch-alias": {
                    "dev-latest": "1.0-dev"
                }
            },
            "autoload": {
                "psr-4": {
                    "Aeon\\": [
                        "src/Aeon"
                    ]
                }
            },
            "notification-url": "https://packagist.org/downloads/",
            "license": [
                "MIT"
            ],
            "description": "Holidays calendar abstraction layer for Aeon Time management framework",
            "keywords": [
                "calendar",
                "holidays",
                "immutable"
            ],
            "support": {
                "issues": "https://github.com/aeon-php/calendar-holidays/issues",
                "source": "https://github.com/aeon-php/calendar-holidays/tree/0.7.0"
            },
            "funding": [
                {
                    "url": "https://github.com/norberttech",
                    "type": "github"
                }
            ],
            "time": "2021-01-25T20:03:39+00:00"
        }
    ],
    "aliases": [],
    "minimum-stability": "dev",
    "stability-flags": [],
    "prefer-stable": true,
    "prefer-lowest": false,
    "platform": {
        "php": ">=7.4.2"
    },
    "platform-dev": [],
    "plugin-api-version": "2.0.0"
}
