{
    "_readme": [
        "This file locks the dependencies of your project to a known state",
        "Read more about it at https://getcomposer.org/doc/01-basic-usage.md#installing-dependencies",
        "This file is @generated automatically"
    ],
    "content-hash": "47d9183f60efef7f60c4c412727556b3",
    "packages": [
        {
            "name": "aeon-php/calendar",
            "version": "0.14.0",
            "source": {
                "type": "git",
                "url": "https://github.com/aeon-php/calendar.git",
                "reference": "02b6981d89f53f24a25f13500a37c556cf80e24b"
            },
            "dist": {
                "type": "zip",
                "url": "https://api.github.com/repos/aeon-php/calendar/zipball/02b6981d89f53f24a25f13500a37c556cf80e24b",
                "reference": "02b6981d89f53f24a25f13500a37c556cf80e24b",
                "shasum": ""
            },
            "require": {
                "php": ">=7.4.2"
            },
            "require-dev": {
                "ext-bcmath": "*"
            },
            "suggest": {
                "ext-bcmath": "Compare time units with high precision"
            },
            "type": "library",
            "autoload": {
                "psr-4": {
                    "Aeon\\": [
                        "src/Aeon"
                    ]
                }
            },
            "notification-url": "https://packagist.org/downloads/",
            "license": [
                "MIT"
            ],
            "description": "PHP type safe, immutable calendar library",
            "keywords": [
                "calendar",
                "date",
                "datetime",
                "immutable",
                "time"
            ],
            "support": {
                "issues": "https://github.com/aeon-php/calendar/issues",
                "source": "https://github.com/aeon-php/calendar/tree/0.14.0"
            },
            "funding": [
                {
                    "url": "https://github.com/norberttech",
                    "type": "github"
                }
            ],
            "time": "2021-01-21T01:40:38+00:00"
        }
    ],
    "packages-dev": [
        {
            "name": "aeon-php/calendar-holidays",
            "version": "0.6.0",
            "source": {
                "type": "git",
                "url": "https://github.com/aeon-php/calendar-holidays.git",
                "reference": "5294cbabedc8e7f6919682f0191ea6fc8dc21734"
            },
            "dist": {
                "type": "zip",
                "url": "https://api.github.com/repos/aeon-php/calendar-holidays/zipball/5294cbabedc8e7f6919682f0191ea6fc8dc21734",
                "reference": "5294cbabedc8e7f6919682f0191ea6fc8dc21734",
                "shasum": ""
            },
            "require": {
                "aeon-php/calendar": ">=0.13.0",
                "ext-json": "*",
                "ext-mbstring": "*",
                "php": ">=7.4.2"
            },
            "require-dev": {
                "google/apiclient": "^2.0"
            },
            "type": "library",
            "extra": {
                "branch-alias": {
                    "dev-latest": "1.0-dev"
                }
            },
            "autoload": {
                "psr-4": {
                    "Aeon\\": [
                        "src/Aeon"
                    ]
                }
            },
            "notification-url": "https://packagist.org/downloads/",
            "license": [
                "MIT"
            ],
            "description": "Holidays calendar abstraction layer for Aeon Time management framework",
            "keywords": [
                "calendar",
                "holidays",
                "immutable",
                "sleep"
            ],
            "support": {
                "issues": "https://github.com/aeon-php/calendar-holidays/issues",
                "source": "https://github.com/aeon-php/calendar-holidays/tree/0.6.0"
            },
            "funding": [
                {
                    "url": "https://github.com/norberttech",
                    "type": "github"
                }
            ],
            "time": "2020-12-20T11:58:19+00:00"
        }
    ],
    "aliases": [],
    "minimum-stability": "dev",
    "stability-flags": [],
    "prefer-stable": true,
    "prefer-lowest": false,
    "platform": {
        "php": ">=7.4.2"
    },
    "platform-dev": [],
    "plugin-api-version": "2.0.0"
}
